
Microsoft Visual Studio Solution File, Format Version 12.00
# Visual Studio Version 16
VisualStudioVersion = 16.0.32002.261
MinimumVisualStudioVersion = 10.0.40219.1
Project("{FAE04EC0-301F-11D3-BF4B-00C04F79EFBC}") = "H_Pannel_Debug", "H_Pannel_Debug\H_Pannel_Debug.csproj", "{D352DB88-9AA9-4E27-94B6-D01406748230}"
EndProject
Project("{FAE04EC0-301F-11D3-BF4B-00C04F79EFBC}") = "H_Pannel_lib", "H_Pannel\H_Pannel_lib.csproj", "{58E81480-BD04-45B4-8B36-3B2FF7729846}"
EndProject
Project("{FAE04EC0-301F-11D3-BF4B-00C04F79EFBC}") = "TestForm", "TestForm\TestForm.csproj", "{CE1C302F-8298-43F6-9DDE-C3AF57EBA794}"
EndProject
Project("{FAE04EC0-301F-11D3-BF4B-00C04F79EFBC}") = "EPD Upload", "EPD Upload\EPD Upload.csproj", "{3CC27646-D01B-4A60-A7B2-0E704215DD6E}"
EndProject
Project("{FAE04EC0-301F-11D3-BF4B-00C04F79EFBC}") = "ConsoleApp_Test", "ConsoleApp_Test\ConsoleApp_Test.csproj", "{513774DD-43D5-4601-861A-E10DF91B59F2}"
EndProject
Global
	GlobalSection(SolutionConfigurationPlatforms) = preSolution
		Debug|Any CPU = Debug|Any CPU
		Release|Any CPU = Release|Any CPU
	EndGlobalSection
	GlobalSection(ProjectConfigurationPlatforms) = postSolution
		{D352DB88-9AA9-4E27-94B6-D01406748230}.Debug|Any CPU.ActiveCfg = Debug|Any CPU
		{D352DB88-9AA9-4E27-94B6-D01406748230}.Debug|Any CPU.Build.0 = Debug|Any CPU
		{D352DB88-9AA9-4E27-94B6-D01406748230}.Release|Any CPU.ActiveCfg = Release|Any CPU
		{D352DB88-9AA9-4E27-94B6-D01406748230}.Release|Any CPU.Build.0 = Release|Any CPU
		{58E81480-BD04-45B4-8B36-3B2FF7729846}.Debug|Any CPU.ActiveCfg = Debug|Any CPU
		{58E81480-BD04-45B4-8B36-3B2FF7729846}.Debug|Any CPU.Build.0 = Debug|Any CPU
		{58E81480-BD04-45B4-8B36-3B2FF7729846}.Release|Any CPU.ActiveCfg = Release|Any CPU
		{58E81480-BD04-45B4-8B36-3B2FF7729846}.Release|Any CPU.Build.0 = Release|Any CPU
		{CE1C302F-8298-43F6-9DDE-C3AF57EBA794}.Debug|Any CPU.ActiveCfg = Debug|Any CPU
		{CE1C302F-8298-43F6-9DDE-C3AF57EBA794}.Debug|Any CPU.Build.0 = Debug|Any CPU
		{CE1C302F-8298-43F6-9DDE-C3AF57EBA794}.Release|Any CPU.ActiveCfg = Release|Any CPU
		{CE1C302F-8298-43F6-9DDE-C3AF57EBA794}.Release|Any CPU.Build.0 = Release|Any CPU
		{3CC27646-D01B-4A60-A7B2-0E704215DD6E}.Debug|Any CPU.ActiveCfg = Debug|Any CPU
		{3CC27646-D01B-4A60-A7B2-0E704215DD6E}.Debug|Any CPU.Build.0 = Debug|Any CPU
		{3CC27646-D01B-4A60-A7B2-0E704215DD6E}.Release|Any CPU.ActiveCfg = Release|Any CPU
		{3CC27646-D01B-4A60-A7B2-0E704215DD6E}.Release|Any CPU.Build.0 = Release|Any CPU
		{513774DD-43D5-4601-861A-E10DF91B59F2}.Debug|Any CPU.ActiveCfg = Debug|Any CPU
		{513774DD-43D5-4601-861A-E10DF91B59F2}.Debug|Any CPU.Build.0 = Debug|Any CPU
		{513774DD-43D5-4601-861A-E10DF91B59F2}.Release|Any CPU.ActiveCfg = Release|Any CPU
		{513774DD-43D5-4601-861A-E10DF91B59F2}.Release|Any CPU.Build.0 = Release|Any CPU
	EndGlobalSection
	GlobalSection(SolutionProperties) = preSolution
		HideSolutionNode = FALSE
	EndGlobalSection
	GlobalSection(ExtensibilityGlobals) = postSolution
		SolutionGuid = {D287FB7C-F593-4C20-8C8F-219B37B87411}
	EndGlobalSection
EndGlobal
